// !$*UTF8*$!
{
	archiveVersion = 1;
	classes = {
	};
	objectVersion = 50;
	objects = {

/* Begin PBXBuildFile section */
		3007982B25305A30005DD9D8 /* AppDelegate.swift in Sources */ = {isa = PBXBuildFile; fileRef = 3007982A25305A30005DD9D8 /* AppDelegate.swift */; };
		3007982D25305A30005DD9D8 /* SceneDelegate.swift in Sources */ = {isa = PBXBuildFile; fileRef = 3007982C25305A30005DD9D8 /* SceneDelegate.swift */; };
		3007982F25305A30005DD9D8 /* ContentView.swift in Sources */ = {isa = PBXBuildFile; fileRef = 3007982E25305A30005DD9D8 /* ContentView.swift */; };
		3007983225305A30005DD9D8 /* OnBoarding.xcdatamodeld in Sources */ = {isa = PBXBuildFile; fileRef = 3007983025305A30005DD9D8 /* OnBoarding.xcdatamodeld */; };
		3007983425305A34005DD9D8 /* Assets.xcassets in Resources */ = {isa = PBXBuildFile; fileRef = 3007983325305A34005DD9D8 /* Assets.xcassets */; };
		3007983725305A34005DD9D8 /* Preview Assets.xcassets in Resources */ = {isa = PBXBuildFile; fileRef = 3007983625305A34005DD9D8 /* Preview Assets.xcassets */; };
		3007983A25305A34005DD9D8 /* LaunchScreen.storyboard in Resources */ = {isa = PBXBuildFile; fileRef = 3007983825305A34005DD9D8 /* LaunchScreen.storyboard */; };
		3007984525305A34005DD9D8 /* OnBoardingTests.swift in Sources */ = {isa = PBXBuildFile; fileRef = 3007984425305A34005DD9D8 /* OnBoardingTests.swift */; };
		3007985025305A34005DD9D8 /* OnBoardingUITests.swift in Sources */ = {isa = PBXBuildFile; fileRef = 3007984F25305A34005DD9D8 /* OnBoardingUITests.swift */; };
/* End PBXBuildFile section */

/* Begin PBXContainerItemProxy section */
		3007984125305A34005DD9D8 /* PBXContainerItemProxy */ = {
			isa = PBXContainerItemProxy;
			containerPortal = 3007981F25305A30005DD9D8 /* Project object */;
			proxyType = 1;
			remoteGlobalIDString = 3007982625305A30005DD9D8;
			remoteInfo = OnBoarding;
		};
		3007984C25305A34005DD9D8 /* PBXContainerItemProxy */ = {
			isa = PBXContainerItemProxy;
			containerPortal = 3007981F25305A30005DD9D8 /* Project object */;
			proxyType = 1;
			remoteGlobalIDString = 3007982625305A30005DD9D8;
			remoteInfo = OnBoarding;
		};
/* End PBXContainerItemProxy section */

/* Begin PBXFileReference section */
		3007982725305A30005DD9D8 /* OnBoarding.app */ = {isa = PBXFileReference; explicitFileType = wrapper.application; includeInIndex = 0; path = OnBoarding.app; sourceTree = BUILT_PRODUCTS_DIR; };
		3007982A25305A30005DD9D8 /* AppDelegate.swift */ = {isa = PBXFileReference; lastKnownFileType = sourcecode.swift; path = AppDelegate.swift; sourceTree = "<group>"; };
		3007982C25305A30005DD9D8 /* SceneDelegate.swift */ = {isa = PBXFileReference; lastKnownFileType = sourcecode.swift; path = SceneDelegate.swift; sourceTree = "<group>"; };
		3007982E25305A30005DD9D8 /* ContentView.swift */ = {isa = PBXFileReference; lastKnownFileType = sourcecode.swift; path = ContentView.swift; sourceTree = "<group>"; };
		3007983125305A30005DD9D8 /* OnBoarding.xcdatamodel */ = {isa = PBXFileReference; lastKnownFileType = wrapper.xcdatamodel; path = OnBoarding.xcdatamodel; sourceTree = "<group>"; };
		3007983325305A34005DD9D8 /* Assets.xcassets */ = {isa = PBXFileReference; lastKnownFileType = folder.assetcatalog; path = Assets.xcassets; sourceTree = "<group>"; };
		3007983625305A34005DD9D8 /* Preview Assets.xcassets */ = {isa = PBXFileReference; lastKnownFileType = folder.assetcatalog; path = "Preview Assets.xcassets"; sourceTree = "<group>"; };
		3007983925305A34005DD9D8 /* Base */ = {isa = PBXFileReference; lastKnownFileType = file.storyboard; name = Base; path = Base.lproj/LaunchScreen.storyboard; sourceTree = "<group>"; };
		3007983B25305A34005DD9D8 /* Info.plist */ = {isa = PBXFileReference; lastKnownFileType = text.plist.xml; path = Info.plist; sourceTree = "<group>"; };
		3007984025305A34005DD9D8 /* OnBoardingTests.xctest */ = {isa = PBXFileReference; explicitFileType = wrapper.cfbundle; includeInIndex = 0; path = OnBoardingTests.xctest; sourceTree = BUILT_PRODUCTS_DIR; };
		3007984425305A34005DD9D8 /* OnBoardingTests.swift */ = {isa = PBXFileReference; lastKnownFileType = sourcecode.swift; path = OnBoardingTests.swift; sourceTree = "<group>"; };
		3007984625305A34005DD9D8 /* Info.plist */ = {isa = PBXFileReference; lastKnownFileType = text.plist.xml; path = Info.plist; sourceTree = "<group>"; };
		3007984B25305A34005DD9D8 /* OnBoardingUITests.xctest */ = {isa = PBXFileReference; explicitFileType = wrapper.cfbundle; includeInIndex = 0; path = OnBoardingUITests.xctest; sourceTree = BUILT_PRODUCTS_DIR; };
		3007984F25305A34005DD9D8 /* OnBoardingUITests.swift */ = {isa = PBXFileReference; lastKnownFileType = sourcecode.swift; path = OnBoardingUITests.swift; sourceTree = "<group>"; };
		3007985125305A34005DD9D8 /* Info.plist */ = {isa = PBXFileReference; lastKnownFileType = text.plist.xml; path = Info.plist; sourceTree = "<group>"; };
/* End PBXFileReference section */

/* Begin PBXFrameworksBuildPhase section */
		3007982425305A30005DD9D8 /* Frameworks */ = {
			isa = PBXFrameworksBuildPhase;
			buildActionMask = 2147483647;
			files = (
			);
			runOnlyForDeploymentPostprocessing = 0;
		};
		3007983D25305A34005DD9D8 /* Frameworks */ = {
			isa = PBXFrameworksBuildPhase;
			buildActionMask = 2147483647;
			files = (
			);
			runOnlyForDeploymentPostprocessing = 0;
		};
		3007984825305A34005DD9D8 /* Frameworks */ = {
			isa = PBXFrameworksBuildPhase;
			buildActionMask = 2147483647;
			files = (
			);
			runOnlyForDeploymentPostprocessing = 0;
		};
/* End PBXFrameworksBuildPhase section */

/* Begin PBXGroup section */
		3007981E25305A30005DD9D8 = {
			isa = PBXGroup;
			children = (
				3007982925305A30005DD9D8 /* OnBoarding */,
				3007984325305A34005DD9D8 /* OnBoardingTests */,
				3007984E25305A34005DD9D8 /* OnBoardingUITests */,
				3007982825305A30005DD9D8 /* Products */,
			);
			sourceTree = "<group>";
		};
		3007982825305A30005DD9D8 /* Products */ = {
			isa = PBXGroup;
			children = (
				3007982725305A30005DD9D8 /* OnBoarding.app */,
				3007984025305A34005DD9D8 /* OnBoardingTests.xctest */,
				3007984B25305A34005DD9D8 /* OnBoardingUITests.xctest */,
			);
			name = Products;
			sourceTree = "<group>";
		};
		3007982925305A30005DD9D8 /* OnBoarding */ = {
			isa = PBXGroup;
			children = (
				3007982A25305A30005DD9D8 /* AppDelegate.swift */,
				3007982C25305A30005DD9D8 /* SceneDelegate.swift */,
				3007982E25305A30005DD9D8 /* ContentView.swift */,
				3007983325305A34005DD9D8 /* Assets.xcassets */,
				3007983825305A34005DD9D8 /* LaunchScreen.storyboard */,
				3007983B25305A34005DD9D8 /* Info.plist */,
				3007983025305A30005DD9D8 /* OnBoarding.xcdatamodeld */,
				3007983525305A34005DD9D8 /* Preview Content */,
			);
			path = OnBoarding;
			sourceTree = "<group>";
		};
		3007983525305A34005DD9D8 /* Preview Content */ = {
			isa = PBXGroup;
			children = (
				3007983625305A34005DD9D8 /* Preview Assets.xcassets */,
			);
			path = "Preview Content";
			sourceTree = "<group>";
		};
		3007984325305A34005DD9D8 /* OnBoardingTests */ = {
			isa = PBXGroup;
			children = (
				3007984425305A34005DD9D8 /* OnBoardingTests.swift */,
				3007984625305A34005DD9D8 /* Info.plist */,
			);
			path = OnBoardingTests;
			sourceTree = "<group>";
		};
		3007984E25305A34005DD9D8 /* OnBoardingUITests */ = {
			isa = PBXGroup;
			children = (
				3007984F25305A34005DD9D8 /* OnBoardingUITests.swift */,
				3007985125305A34005DD9D8 /* Info.plist */,
			);
			path = OnBoardingUITests;
			sourceTree = "<group>";
		};
/* End PBXGroup section */

/* Begin PBXNativeTarget section */
		3007982625305A30005DD9D8 /* OnBoarding */ = {
			isa = PBXNativeTarget;
			buildConfigurationList = 3007985425305A34005DD9D8 /* Build configuration list for PBXNativeTarget "OnBoarding" */;
			buildPhases = (
				3007982325305A30005DD9D8 /* Sources */,
				3007982425305A30005DD9D8 /* Frameworks */,
				3007982525305A30005DD9D8 /* Resources */,
			);
			buildRules = (
			);
			dependencies = (
			);
			name = OnBoarding;
			productName = OnBoarding;
			productReference = 3007982725305A30005DD9D8 /* OnBoarding.app */;
			productType = "com.apple.product-type.application";
		};
		3007983F25305A34005DD9D8 /* OnBoardingTests */ = {
			isa = PBXNativeTarget;
			buildConfigurationList = 3007985725305A34005DD9D8 /* Build configuration list for PBXNativeTarget "OnBoardingTests" */;
			buildPhases = (
				3007983C25305A34005DD9D8 /* Sources */,
				3007983D25305A34005DD9D8 /* Frameworks */,
				3007983E25305A34005DD9D8 /* Resources */,
			);
			buildRules = (
			);
			dependencies = (
				3007984225305A34005DD9D8 /* PBXTargetDependency */,
			);
			name = OnBoardingTests;
			productName = OnBoardingTests;
			productReference = 3007984025305A34005DD9D8 /* OnBoardingTests.xctest */;
			productType = "com.apple.product-type.bundle.unit-test";
		};
		3007984A25305A34005DD9D8 /* OnBoardingUITests */ = {
			isa = PBXNativeTarget;
			buildConfigurationList = 3007985A25305A34005DD9D8 /* Build configuration list for PBXNativeTarget "OnBoardingUITests" */;
			buildPhases = (
				3007984725305A34005DD9D8 /* Sources */,
				3007984825305A34005DD9D8 /* Frameworks */,
				3007984925305A34005DD9D8 /* Resources */,
			);
			buildRules = (
			);
			dependencies = (
				3007984D25305A34005DD9D8 /* PBXTargetDependency */,
			);
			name = OnBoardingUITests;
			productName = OnBoardingUITests;
			productReference = 3007984B25305A34005DD9D8 /* OnBoardingUITests.xctest */;
			productType = "com.apple.product-type.bundle.ui-testing";
		};
/* End PBXNativeTarget section */

/* Begin PBXProject section */
		3007981F25305A30005DD9D8 /* Project object */ = {
			isa = PBXProject;
			attributes = {
				LastSwiftUpdateCheck = 1200;
				LastUpgradeCheck = 1200;
				TargetAttributes = {
					3007982625305A30005DD9D8 = {
						CreatedOnToolsVersion = 12.0.1;
					};
					3007983F25305A34005DD9D8 = {
						CreatedOnToolsVersion = 12.0.1;
						TestTargetID = 3007982625305A30005DD9D8;
					};
					3007984A25305A34005DD9D8 = {
						CreatedOnToolsVersion = 12.0.1;
						TestTargetID = 3007982625305A30005DD9D8;
					};
				};
			};
			buildConfigurationList = 3007982225305A30005DD9D8 /* Build configuration list for PBXProject "OnBoarding" */;
			compatibilityVersion = "Xcode 9.3";
			developmentRegion = en;
			hasScannedForEncodings = 0;
			knownRegions = (
				en,
				Base,
			);
			mainGroup = 3007981E25305A30005DD9D8;
			productRefGroup = 3007982825305A30005DD9D8 /* Products */;
			projectDirPath = "";
			projectRoot = "";
			targets = (
				3007982625305A30005DD9D8 /* OnBoarding */,
				3007983F25305A34005DD9D8 /* OnBoardingTests */,
				3007984A25305A34005DD9D8 /* OnBoardingUITests */,
			);
		};
/* End PBXProject section */

/* Begin PBXResourcesBuildPhase section */
		3007982525305A30005DD9D8 /* Resources */ = {
			isa = PBXResourcesBuildPhase;
			buildActionMask = 2147483647;
			files = (
				3007983A25305A34005DD9D8 /* LaunchScreen.storyboard in Resources */,
				3007983725305A34005DD9D8 /* Preview Assets.xcassets in Resources */,
				3007983425305A34005DD9D8 /* Assets.xcassets in Resources */,
			);
			runOnlyForDeploymentPostprocessing = 0;
		};
		3007983E25305A34005DD9D8 /* Resources */ = {
			isa = PBXResourcesBuildPhase;
			buildActionMask = 2147483647;
			files = (
			);
			runOnlyForDeploymentPostprocessing = 0;
		};
		3007984925305A34005DD9D8 /* Resources */ = {
			isa = PBXResourcesBuildPhase;
			buildActionMask = 2147483647;
			files = (
			);
			runOnlyForDeploymentPostprocessing = 0;
		};
/* End PBXResourcesBuildPhase section */

/* Begin PBXSourcesBuildPhase section */
		3007982325305A30005DD9D8 /* Sources */ = {
			isa = PBXSourcesBuildPhase;
			buildActionMask = 2147483647;
			files = (
				3007982B25305A30005DD9D8 /* AppDelegate.swift in Sources */,
				3007982D25305A30005DD9D8 /* SceneDelegate.swift in Sources */,
				3007983225305A30005DD9D8 /* OnBoarding.xcdatamodeld in Sources */,
				3007982F25305A30005DD9D8 /* ContentView.swift in Sources */,
			);
			runOnlyForDeploymentPostprocessing = 0;
		};
		3007983C25305A34005DD9D8 /* Sources */ = {
			isa = PBXSourcesBuildPhase;
			buildActionMask = 2147483647;
			files = (
				3007984525305A34005DD9D8 /* OnBoardingTests.swift in Sources */,
			);
			runOnlyForDeploymentPostprocessing = 0;
		};
		3007984725305A34005DD9D8 /* Sources */ = {
			isa = PBXSourcesBuildPhase;
			buildActionMask = 2147483647;
			files = (
				3007985025305A34005DD9D8 /* OnBoardingUITests.swift in Sources */,
			);
			runOnlyForDeploymentPostprocessing = 0;
		};
/* End PBXSourcesBuildPhase section */

/* Begin PBXTargetDependency section */
		3007984225305A34005DD9D8 /* PBXTargetDependency */ = {
			isa = PBXTargetDependency;
			target = 3007982625305A30005DD9D8 /* OnBoarding */;
			targetProxy = 3007984125305A34005DD9D8 /* PBXContainerItemProxy */;
		};
		3007984D25305A34005DD9D8 /* PBXTargetDependency */ = {
			isa = PBXTargetDependency;
			target = 3007982625305A30005DD9D8 /* OnBoarding */;
			targetProxy = 3007984C25305A34005DD9D8 /* PBXContainerItemProxy */;
		};
/* End PBXTargetDependency section */

/* Begin PBXVariantGroup section */
		3007983825305A34005DD9D8 /* LaunchScreen.storyboard */ = {
			isa = PBXVariantGroup;
			children = (
				3007983925305A34005DD9D8 /* Base */,
			);
			name = LaunchScreen.storyboard;
			sourceTree = "<group>";
		};
/* End PBXVariantGroup section */

/* Begin XCBuildConfiguration section */
		3007985225305A34005DD9D8 /* Debug */ = {
			isa = XCBuildConfiguration;
			buildSettings = {
				ALWAYS_SEARCH_USER_PATHS = NO;
				CLANG_ANALYZER_NONNULL = YES;
				CLANG_ANALYZER_NUMBER_OBJECT_CONVERSION = YES_AGGRESSIVE;
				CLANG_CXX_LANGUAGE_STANDARD = "gnu++14";
				CLANG_CXX_LIBRARY = "libc++";
				CLANG_ENABLE_MODULES = YES;
				CLANG_ENABLE_OBJC_ARC = YES;
				CLANG_ENABLE_OBJC_WEAK = YES;
				CLANG_WARN_BLOCK_CAPTURE_AUTORELEASING = YES;
				CLANG_WARN_BOOL_CONVERSION = YES;
				CLANG_WARN_COMMA = YES;
				CLANG_WARN_CONSTANT_CONVERSION = YES;
				CLANG_WARN_DEPRECATED_OBJC_IMPLEMENTATIONS = YES;
				CLANG_WARN_DIRECT_OBJC_ISA_USAGE = YES_ERROR;
				CLANG_WARN_DOCUMENTATION_COMMENTS = YES;
				CLANG_WARN_EMPTY_BODY = YES;
				CLANG_WARN_ENUM_CONVERSION = YES;
				CLANG_WARN_INFINITE_RECURSION = YES;
				CLANG_WARN_INT_CONVERSION = YES;
				CLANG_WARN_NON_LITERAL_NULL_CONVERSION = YES;
				CLANG_WARN_OBJC_IMPLICIT_RETAIN_SELF = YES;
				CLANG_WARN_OBJC_LITERAL_CONVERSION = YES;
				CLANG_WARN_OBJC_ROOT_CLASS = YES_ERROR;
				CLANG_WARN_QUOTED_INCLUDE_IN_FRAMEWORK_HEADER = YES;
				CLANG_WARN_RANGE_LOOP_ANALYSIS = YES;
				CLANG_WARN_STRICT_PROTOTYPES = YES;
				CLANG_WARN_SUSPICIOUS_MOVE = YES;
				CLANG_WARN_UNGUARDED_AVAILABILITY = YES_AGGRESSIVE;
				CLANG_WARN_UNREACHABLE_CODE = YES;
				CLANG_WARN__DUPLICATE_METHOD_MATCH = YES;
				COPY_PHASE_STRIP = NO;
				DEBUG_INFORMATION_FORMAT = dwarf;
				ENABLE_STRICT_OBJC_MSGSEND = YES;
				ENABLE_TESTABILITY = YES;
				GCC_C_LANGUAGE_STANDARD = gnu11;
				GCC_DYNAMIC_NO_PIC = NO;
				GCC_NO_COMMON_BLOCKS = YES;
				GCC_OPTIMIZATION_LEVEL = 0;
				GCC_PREPROCESSOR_DEFINITIONS = (
					"DEBUG=1",
					"$(inherited)",
				);
				GCC_WARN_64_TO_32_BIT_CONVERSION = YES;
				GCC_WARN_ABOUT_RETURN_TYPE = YES_ERROR;
				GCC_WARN_UNDECLARED_SELECTOR = YES;
				GCC_WARN_UNINITIALIZED_AUTOS = YES_AGGRESSIVE;
				GCC_WARN_UNUSED_FUNCTION = YES;
				GCC_WARN_UNUSED_VARIABLE = YES;
				IPHONEOS_DEPLOYMENT_TARGET = 14.0;
				MTL_ENABLE_DEBUG_INFO = INCLUDE_SOURCE;
				MTL_FAST_MATH = YES;
				ONLY_ACTIVE_ARCH = YES;
				SDKROOT = iphoneos;
				SWIFT_ACTIVE_COMPILATION_CONDITIONS = DEBUG;
				SWIFT_OPTIMIZATION_LEVEL = "-Onone";
			};
			name = Debug;
		};
		3007985325305A34005DD9D8 /* Release */ = {
			isa = XCBuildConfiguration;
			buildSettings = {
				ALWAYS_SEARCH_USER_PATHS = NO;
				CLANG_ANALYZER_NONNULL = YES;
				CLANG_ANALYZER_NUMBER_OBJECT_CONVERSION = YES_AGGRESSIVE;
				CLANG_CXX_LANGUAGE_STANDARD = "gnu++14";
				CLANG_CXX_LIBRARY = "libc++";
				CLANG_ENABLE_MODULES = YES;
				CLANG_ENABLE_OBJC_ARC = YES;
				CLANG_ENABLE_OBJC_WEAK = YES;
				CLANG_WARN_BLOCK_CAPTURE_AUTORELEASING = YES;
				CLANG_WARN_BOOL_CONVERSION = YES;
				CLANG_WARN_COMMA = YES;
				CLANG_WARN_CONSTANT_CONVERSION = YES;
				CLANG_WARN_DEPRECATED_OBJC_IMPLEMENTATIONS = YES;
				CLANG_WARN_DIRECT_OBJC_ISA_USAGE = YES_ERROR;
				CLANG_WARN_DOCUMENTATION_COMMENTS = YES;
				CLANG_WARN_EMPTY_BODY = YES;
				CLANG_WARN_ENUM_CONVERSION = YES;
				CLANG_WARN_INFINITE_RECURSION = YES;
				CLANG_WARN_INT_CONVERSION = YES;
				CLANG_WARN_NON_LITERAL_NULL_CONVERSION = YES;
				CLANG_WARN_OBJC_IMPLICIT_RETAIN_SELF = YES;
				CLANG_WARN_OBJC_LITERAL_CONVERSION = YES;
				CLANG_WARN_OBJC_ROOT_CLASS = YES_ERROR;
				CLANG_WARN_QUOTED_INCLUDE_IN_FRAMEWORK_HEADER = YES;
				CLANG_WARN_RANGE_LOOP_ANALYSIS = YES;
				CLANG_WARN_STRICT_PROTOTYPES = YES;
				CLANG_WARN_SUSPICIOUS_MOVE = YES;
				CLANG_WARN_UNGUARDED_AVAILABILITY = YES_AGGRESSIVE;
				CLANG_WARN_UNREACHABLE_CODE = YES;
				CLANG_WARN__DUPLICATE_METHOD_MATCH = YES;
				COPY_PHASE_STRIP = NO;
				DEBUG_INFORMATION_FORMAT = "dwarf-with-dsym";
				ENABLE_NS_ASSERTIONS = NO;
				ENABLE_STRICT_OBJC_MSGSEND = YES;
				GCC_C_LANGUAGE_STANDARD = gnu11;
				GCC_NO_COMMON_BLOCKS = YES;
				GCC_WARN_64_TO_32_BIT_CONVERSION = YES;
				GCC_WARN_ABOUT_RETURN_TYPE = YES_ERROR;
				GCC_WARN_UNDECLARED_SELECTOR = YES;
				GCC_WARN_UNINITIALIZED_AUTOS = YES_AGGRESSIVE;
				GCC_WARN_UNUSED_FUNCTION = YES;
				GCC_WARN_UNUSED_VARIABLE = YES;
				IPHONEOS_DEPLOYMENT_TARGET = 14.0;
				MTL_ENABLE_DEBUG_INFO = NO;
				MTL_FAST_MATH = YES;
				SDKROOT = iphoneos;
				SWIFT_COMPILATION_MODE = wholemodule;
				SWIFT_OPTIMIZATION_LEVEL = "-O";
				VALIDATE_PRODUCT = YES;
			};
			name = Release;
		};
		3007985525305A34005DD9D8 /* Debug */ = {
			isa = XCBuildConfiguration;
			buildSettings = {
				ASSETCATALOG_COMPILER_APPICON_NAME = AppIcon;
				ASSETCATALOG_COMPILER_GLOBAL_ACCENT_COLOR_NAME = AccentColor;
				CODE_SIGN_STYLE = Automatic;
				DEVELOPMENT_ASSET_PATHS = "\"OnBoarding/Preview Content\"";
				DEVELOPMENT_TEAM = N6BH992D44;
				ENABLE_PREVIEWS = YES;
				INFOPLIST_FILE = OnBoarding/Info.plist;
				LD_RUNPATH_SEARCH_PATHS = (
					"$(inherited)",
					"@executable_path/Frameworks",
				);
				PRODUCT_BUNDLE_IDENTIFIER = com.you.onboarding.OnBoarding;
				PRODUCT_NAME = "$(TARGET_NAME)";
				SWIFT_VERSION = 5.0;
				TARGETED_DEVICE_FAMILY = "1,2";
			};
			name = Debug;
		};
		3007985625305A34005DD9D8 /* Release */ = {
			isa = XCBuildConfiguration;
			buildSettings = {
				ASSETCATALOG_COMPILER_APPICON_NAME = AppIcon;
				ASSETCATALOG_COMPILER_GLOBAL_ACCENT_COLOR_NAME = AccentColor;
				CODE_SIGN_STYLE = Automatic;
				DEVELOPMENT_ASSET_PATHS = "\"OnBoarding/Preview Content\"";
				DEVELOPMENT_TEAM = N6BH992D44;
				ENABLE_PREVIEWS = YES;
				INFOPLIST_FILE = OnBoarding/Info.plist;
				LD_RUNPATH_SEARCH_PATHS = (
					"$(inherited)",
					"@executable_path/Frameworks",
				);
				PRODUCT_BUNDLE_IDENTIFIER = com.you.onboarding.OnBoarding;
				PRODUCT_NAME = "$(TARGET_NAME)";
				SWIFT_VERSION = 5.0;
				TARGETED_DEVICE_FAMILY = "1,2";
			};
			name = Release;
		};
		3007985825305A34005DD9D8 /* Debug */ = {
			isa = XCBuildConfiguration;
			buildSettings = {
				ALWAYS_EMBED_SWIFT_STANDARD_LIBRARIES = YES;
				BUNDLE_LOADER = "$(TEST_HOST)";
				CODE_SIGN_STYLE = Automatic;
				DEVELOPMENT_TEAM = N6BH992D44;
				INFOPLIST_FILE = OnBoardingTests/Info.plist;
				IPHONEOS_DEPLOYMENT_TARGET = 14.0;
				LD_RUNPATH_SEARCH_PATHS = (
					"$(inherited)",
					"@executable_path/Frameworks",
					"@loader_path/Frameworks",
				);
				PRODUCT_BUNDLE_IDENTIFIER = com.you.onboarding.OnBoardingTests;
				PRODUCT_NAME = "$(TARGET_NAME)";
				SWIFT_VERSION = 5.0;
				TARGETED_DEVICE_FAMILY = "1,2";
				TEST_HOST = "$(BUILT_PRODUCTS_DIR)/OnBoarding.app/OnBoarding";
			};
			name = Debug;
		};
		3007985925305A34005DD9D8 /* Release */ = {
			isa = XCBuildConfiguration;
			buildSettings = {
				ALWAYS_EMBED_SWIFT_STANDARD_LIBRARIES = YES;
				BUNDLE_LOADER = "$(TEST_HOST)";
				CODE_SIGN_STYLE = Automatic;
				DEVELOPMENT_TEAM = N6BH992D44;
				INFOPLIST_FILE = OnBoardingTests/Info.plist;
				IPHONEOS_DEPLOYMENT_TARGET = 14.0;
				LD_RUNPATH_SEARCH_PATHS = (
					"$(inherited)",
					"@executable_path/Frameworks",
					"@loader_path/Frameworks",
				);
				PRODUCT_BUNDLE_IDENTIFIER = com.you.onboarding.OnBoardingTests;
				PRODUCT_NAME = "$(TARGET_NAME)";
				SWIFT_VERSION = 5.0;
				TARGETED_DEVICE_FAMILY = "1,2";
				TEST_HOST = "$(BUILT_PRODUCTS_DIR)/OnBoarding.app/OnBoarding";
			};
			name = Release;
		};
		3007985B25305A34005DD9D8 /* Debug */ = {
			isa = XCBuildConfiguration;
			buildSettings = {
				ALWAYS_EMBED_SWIFT_STANDARD_LIBRARIES = YES;
				CODE_SIGN_STYLE = Automatic;
				DEVELOPMENT_TEAM = N6BH992D44;
				INFOPLIST_FILE = OnBoardingUITests/Info.plist;
				LD_RUNPATH_SEARCH_PATHS = (
					"$(inherited)",
					"@executable_path/Frameworks",
					"@loader_path/Frameworks",
				);
				PRODUCT_BUNDLE_IDENTIFIER = com.you.onboarding.OnBoardingUITests;
				PRODUCT_NAME = "$(TARGET_NAME)";
				SWIFT_VERSION = 5.0;
				TARGETED_DEVICE_FAMILY = "1,2";
				TEST_TARGET_NAME = OnBoarding;
			};
			name = Debug;
		};
		3007985C25305A34005DD9D8 /* Release */ = {
			isa = XCBuildConfiguration;
			buildSettings = {
				ALWAYS_EMBED_SWIFT_STANDARD_LIBRARIES = YES;
				CODE_SIGN_STYLE = Automatic;
				DEVELOPMENT_TEAM = N6BH992D44;
				INFOPLIST_FILE = OnBoardingUITests/Info.plist;
				LD_RUNPATH_SEARCH_PATHS = (
					"$(inherited)",
					"@executable_path/Frameworks",
					"@loader_path/Frameworks",
				);
				PRODUCT_BUNDLE_IDENTIFIER = com.you.onboarding.OnBoardingUITests;
				PRODUCT_NAME = "$(TARGET_NAME)";
				SWIFT_VERSION = 5.0;
				TARGETED_DEVICE_FAMILY = "1,2";
				TEST_TARGET_NAME = OnBoarding;
			};
			name = Release;
		};
/* End XCBuildConfiguration section */

/* Begin XCConfigurationList section */
		3007982225305A30005DD9D8 /* Build configuration list for PBXProject "OnBoarding" */ = {
			isa = XCConfigurationList;
			buildConfigurations = (
				3007985225305A34005DD9D8 /* Debug */,
				3007985325305A34005DD9D8 /* Release */,
			);
			defaultConfigurationIsVisible = 0;
			defaultConfigurationName = Release;
		};
		3007985425305A34005DD9D8 /* Build configuration list for PBXNativeTarget "OnBoarding" */ = {
			isa = XCConfigurationList;
			buildConfigurations = (
				3007985525305A34005DD9D8 /* Debug */,
				3007985625305A34005DD9D8 /* Release */,
			);
			defaultConfigurationIsVisible = 0;
			defaultConfigurationName = Release;
		};
		3007985725305A34005DD9D8 /* Build configuration list for PBXNativeTarget "OnBoardingTests" */ = {
			isa = XCConfigurationList;
			buildConfigurations = (
				3007985825305A34005DD9D8 /* Debug */,
				3007985925305A34005DD9D8 /* Release */,
			);
			defaultConfigurationIsVisible = 0;
			defaultConfigurationName = Release;
		};
		3007985A25305A34005DD9D8 /* Build configuration list for PBXNativeTarget "OnBoardingUITests" */ = {
			isa = XCConfigurationList;
			buildConfigurations = (
				3007985B25305A34005DD9D8 /* Debug */,
				3007985C25305A34005DD9D8 /* Release */,
			);
			defaultConfigurationIsVisible = 0;
			defaultConfigurationName = Release;
		};
/* End XCConfigurationList section */

/* Begin XCVersionGroup section */
		3007983025305A30005DD9D8 /* OnBoarding.xcdatamodeld */ = {
			isa = XCVersionGroup;
			children = (
				3007983125305A30005DD9D8 /* OnBoarding.xcdatamodel */,
			);
			currentVersion = 3007983125305A30005DD9D8 /* OnBoarding.xcdatamodel */;
			path = OnBoarding.xcdatamodeld;
			sourceTree = "<group>";
			versionGroupType = wrapper.xcdatamodel;
		};
/* End XCVersionGroup section */
	};
	rootObject = 3007981F25305A30005DD9D8 /* Project object */;
}
